<Solution>
  <Project Path="Desafio1SistemaDeAprovaçãoDeAlunos/Desafio1SistemaDeAprovaçãoDeAlunos.csproj" />
  <Project Path="Desafio2ControleDeEstoque/Desafio2ControleDeEstoque.csproj" />
  <Project Path="Desafio3FilaDeAtendimento/Desafio3FilaDeAtendimento.csproj" />
  <Project Path="Desafio4HistoricoDeNavegação/Desafio4HistoricoDeNavegacao.csproj" />
  <Project Path="Desafio5SistemaDeLogin/Desafio5SistemaDeLogin.csproj" />
  <Project Path="Desafio6CadastroDeProdutosComDicionario/Desafio6CadastroDeProdutosComDicionario.csproj" />
  <Project Path="Desafio7ControleDeGastosDoMes/Desafio7ControleDeGastosDoMes.csproj" />
  <Project Path="Desafio8SistemaDeFrete/Desafio8SistemaDeFrete.csproj" />
  <Project Path="Desafio9ControleDeChamadosDeTI/Desafio9ControleDeChamadosDeTI.csproj" />
</Solution>
